{
  "requires": true,
  "lockfileVersion": 1,
  "dependencies": {
    "jw-paginate": {
      "version": "1.0.4",
      "resolved": "https://registry.npmjs.org/jw-paginate/-/jw-paginate-1.0.4.tgz",
      "integrity": "sha512-W0bv782exgCoynUL/egbRpaYwf/r6T6e02H870H5u3hfSgEYrxgz5POwmFF5aApS6iPi6yhZ0VF8IbafNFsntA=="
    }
  }
}
